
Microsoft Visual Studio Solution File, Format Version 12.00
# Visual Studio Version 17
VisualStudioVersion = 17.4.33213.308
MinimumVisualStudioVersion = 10.0.40219.1
Project("{8BC9CEB8-8B4A-11D0-8D11-00A0C91BC942}") = "Laba_5", "Laba_5\Laba_5.vcxproj", "{B592A123-A662-449A-BB50-B27E658B7E99}"
EndProject
Global
	GlobalSection(SolutionConfigurationPlatforms) = preSolution
		Debug|x64 = Debug|x64
		Debug|x86 = Debug|x86
		Release|x64 = Release|x64
		Release|x86 = Release|x86
	EndGlobalSection
	GlobalSection(ProjectConfigurationPlatforms) = postSolution
		{B592A123-A662-449A-BB50-B27E658B7E99}.Debug|x64.ActiveCfg = Debug|x64
		{B592A123-A662-449A-BB50-B27E658B7E99}.Debug|x64.Build.0 = Debug|x64
		{B592A123-A662-449A-BB50-B27E658B7E99}.Debug|x86.ActiveCfg = Debug|Win32
		{B592A123-A662-449A-BB50-B27E658B7E99}.Debug|x86.Build.0 = Debug|Win32
		{B592A123-A662-449A-BB50-B27E658B7E99}.Release|x64.ActiveCfg = Release|x64
		{B592A123-A662-449A-BB50-B27E658B7E99}.Release|x64.Build.0 = Release|x64
		{B592A123-A662-449A-BB50-B27E658B7E99}.Release|x86.ActiveCfg = Release|Win32
		{B592A123-A662-449A-BB50-B27E658B7E99}.Release|x86.Build.0 = Release|Win32
	EndGlobalSection
	GlobalSection(SolutionProperties) = preSolution
		HideSolutionNode = FALSE
	EndGlobalSection
	GlobalSection(ExtensibilityGlobals) = postSolution
		SolutionGuid = {A749506B-9E9C-4248-BC5D-B1EF5DAD3A49}
	EndGlobalSection
EndGlobal
